
Microsoft Visual Studio Solution File, Format Version 12.00
# Visual Studio Version 17
VisualStudioVersion = 17.5.002.0
MinimumVisualStudioVersion = 10.0.40219.1
Project("{9A19103F-16F7-4668-BE54-9A1E7A4F7556}") = "Exercicio2", "Exercicio2.csproj", "{222B6CE3-2B88-42AB-BCF5-FEA269AF615D}"
EndProject
Global
	GlobalSection(SolutionConfigurationPlatforms) = preSolution
		Debug|Any CPU = Debug|Any CPU
		Release|Any CPU = Release|Any CPU
	EndGlobalSection
	GlobalSection(ProjectConfigurationPlatforms) = postSolution
		{222B6CE3-2B88-42AB-BCF5-FEA269AF615D}.Debug|Any CPU.ActiveCfg = Debug|Any CPU
		{222B6CE3-2B88-42AB-BCF5-FEA269AF615D}.Debug|Any CPU.Build.0 = Debug|Any CPU
		{222B6CE3-2B88-42AB-BCF5-FEA269AF615D}.Release|Any CPU.ActiveCfg = Release|Any CPU
		{222B6CE3-2B88-42AB-BCF5-FEA269AF615D}.Release|Any CPU.Build.0 = Release|Any CPU
	EndGlobalSection
	GlobalSection(SolutionProperties) = preSolution
		HideSolutionNode = FALSE
	EndGlobalSection
	GlobalSection(ExtensibilityGlobals) = postSolution
		SolutionGuid = {0DA0DD0B-B53F-422F-94A8-2AE1C1770DFE}
	EndGlobalSection
EndGlobal
