
Microsoft Visual Studio Solution File, Format Version 12.00
# Visual Studio Version 17
VisualStudioVersion = 17.5.002.0
MinimumVisualStudioVersion = 10.0.40219.1
Project("{9A19103F-16F7-4668-BE54-9A1E7A4F7556}") = "Exercicio2", "Exercicio2.csproj", "{7A5648FE-C59B-4D66-B2AF-194EB8A47982}"
EndProject
Global
	GlobalSection(SolutionConfigurationPlatforms) = preSolution
		Debug|Any CPU = Debug|Any CPU
		Release|Any CPU = Release|Any CPU
	EndGlobalSection
	GlobalSection(ProjectConfigurationPlatforms) = postSolution
		{7A5648FE-C59B-4D66-B2AF-194EB8A47982}.Debug|Any CPU.ActiveCfg = Debug|Any CPU
		{7A5648FE-C59B-4D66-B2AF-194EB8A47982}.Debug|Any CPU.Build.0 = Debug|Any CPU
		{7A5648FE-C59B-4D66-B2AF-194EB8A47982}.Release|Any CPU.ActiveCfg = Release|Any CPU
		{7A5648FE-C59B-4D66-B2AF-194EB8A47982}.Release|Any CPU.Build.0 = Release|Any CPU
	EndGlobalSection
	GlobalSection(SolutionProperties) = preSolution
		HideSolutionNode = FALSE
	EndGlobalSection
	GlobalSection(ExtensibilityGlobals) = postSolution
		SolutionGuid = {801192F1-EC3C-4920-8787-B3AE58F6A0CF}
	EndGlobalSection
EndGlobal
