
Microsoft Visual Studio Solution File, Format Version 12.00
# Visual Studio Version 17
VisualStudioVersion = 17.5.002.0
MinimumVisualStudioVersion = 10.0.40219.1
Project("{9A19103F-16F7-4668-BE54-9A1E7A4F7556}") = "Exercicio2", "Exercicio2.csproj", "{CA5B29F9-2066-46E4-A3D1-0916E5C9F9FD}"
EndProject
Global
	GlobalSection(SolutionConfigurationPlatforms) = preSolution
		Debug|Any CPU = Debug|Any CPU
		Release|Any CPU = Release|Any CPU
	EndGlobalSection
	GlobalSection(ProjectConfigurationPlatforms) = postSolution
		{CA5B29F9-2066-46E4-A3D1-0916E5C9F9FD}.Debug|Any CPU.ActiveCfg = Debug|Any CPU
		{CA5B29F9-2066-46E4-A3D1-0916E5C9F9FD}.Debug|Any CPU.Build.0 = Debug|Any CPU
		{CA5B29F9-2066-46E4-A3D1-0916E5C9F9FD}.Release|Any CPU.ActiveCfg = Release|Any CPU
		{CA5B29F9-2066-46E4-A3D1-0916E5C9F9FD}.Release|Any CPU.Build.0 = Release|Any CPU
	EndGlobalSection
	GlobalSection(SolutionProperties) = preSolution
		HideSolutionNode = FALSE
	EndGlobalSection
	GlobalSection(ExtensibilityGlobals) = postSolution
		SolutionGuid = {2820C8BF-83F6-4365-A143-0E47FB47ADB4}
	EndGlobalSection
EndGlobal
